
Microsoft Visual Studio Solution File, Format Version 12.00
# Visual Studio Version 17
VisualStudioVersion = 17.2.32616.157
MinimumVisualStudioVersion = 10.0.40219.1
Project("{FAE04EC0-301F-11D3-BF4B-00C04F79EFBC}") = "WindowsFormsSayiTahminOyunu", "WindowsFormsSayiTahminOyunu\WindowsFormsSayiTahminOyunu.csproj", "{59030700-1741-418E-A9D9-BED1D477134F}"
EndProject
Global
	GlobalSection(SolutionConfigurationPlatforms) = preSolution
		Debug|Any CPU = Debug|Any CPU
		Release|Any CPU = Release|Any CPU
	EndGlobalSection
	GlobalSection(ProjectConfigurationPlatforms) = postSolution
		{59030700-1741-418E-A9D9-BED1D477134F}.Debug|Any CPU.ActiveCfg = Debug|Any CPU
		{59030700-1741-418E-A9D9-BED1D477134F}.Debug|Any CPU.Build.0 = Debug|Any CPU
		{59030700-1741-418E-A9D9-BED1D477134F}.Release|Any CPU.ActiveCfg = Release|Any CPU
		{59030700-1741-418E-A9D9-BED1D477134F}.Release|Any CPU.Build.0 = Release|Any CPU
	EndGlobalSection
	GlobalSection(SolutionProperties) = preSolution
		HideSolutionNode = FALSE
	EndGlobalSection
	GlobalSection(ExtensibilityGlobals) = postSolution
		SolutionGuid = {867977F8-3B46-4AEB-8C3B-3C83D111656D}
	EndGlobalSection
EndGlobal
